// !$*UTF8*$!
{
	archiveVersion = 1;
	classes = {
	};
	objectVersion = 60;
	objects = {

/* Begin PBXBuildFile section */
		2CE491CD2C8B2D1D000EF0DD /* AppDelegate.swift in Sources */ = {isa = PBXBuildFile; fileRef = 2CE491CC2C8B2D1D000EF0DD /* AppDelegate.swift */; };
		2CE491CF2C8B2D1D000EF0DD /* SceneDelegate.swift in Sources */ = {isa = PBXBuildFile; fileRef = 2CE491CE2C8B2D1D000EF0DD /* SceneDelegate.swift */; };
		2CE491D12C8B2D1D000EF0DD /* ViewController.swift in Sources */ = {isa = PBXBuildFile; fileRef = 2CE491D02C8B2D1D000EF0DD /* ViewController.swift */; };
		2CE491D42C8B2D1D000EF0DD /* Main.storyboard in Resources */ = {isa = PBXBuildFile; fileRef = 2CE491D22C8B2D1D000EF0DD /* Main.storyboard */; };
		2CE491D62C8B2D1F000EF0DD /* Assets.xcassets in Resources */ = {isa = PBXBuildFile; fileRef = 2CE491D52C8B2D1F000EF0DD /* Assets.xcassets */; };
		2CE491D92C8B2D1F000EF0DD /* LaunchScreen.storyboard in Resources */ = {isa = PBXBuildFile; fileRef = 2CE491D72C8B2D1F000EF0DD /* LaunchScreen.storyboard */; };
		2CE491E22C8B458E000EF0DD /* WeatherMiniApp in Frameworks */ = {isa = PBXBuildFile; productRef = 2CE491E12C8B458E000EF0DD /* WeatherMiniApp */; };
/* End PBXBuildFile section */

/* Begin PBXFileReference section */
		2CE491C92C8B2D1D000EF0DD /* PocketApps.app */ = {isa = PBXFileReference; explicitFileType = wrapper.application; includeInIndex = 0; path = PocketApps.app; sourceTree = BUILT_PRODUCTS_DIR; };
		2CE491CC2C8B2D1D000EF0DD /* AppDelegate.swift */ = {isa = PBXFileReference; lastKnownFileType = sourcecode.swift; path = AppDelegate.swift; sourceTree = "<group>"; };
		2CE491CE2C8B2D1D000EF0DD /* SceneDelegate.swift */ = {isa = PBXFileReference; lastKnownFileType = sourcecode.swift; path = SceneDelegate.swift; sourceTree = "<group>"; };
		2CE491D02C8B2D1D000EF0DD /* ViewController.swift */ = {isa = PBXFileReference; lastKnownFileType = sourcecode.swift; path = ViewController.swift; sourceTree = "<group>"; };
		2CE491D32C8B2D1D000EF0DD /* Base */ = {isa = PBXFileReference; lastKnownFileType = file.storyboard; name = Base; path = Base.lproj/Main.storyboard; sourceTree = "<group>"; };
		2CE491D52C8B2D1F000EF0DD /* Assets.xcassets */ = {isa = PBXFileReference; lastKnownFileType = folder.assetcatalog; path = Assets.xcassets; sourceTree = "<group>"; };
		2CE491D82C8B2D1F000EF0DD /* Base */ = {isa = PBXFileReference; lastKnownFileType = file.storyboard; name = Base; path = Base.lproj/LaunchScreen.storyboard; sourceTree = "<group>"; };
		2CE491DA2C8B2D1F000EF0DD /* Info.plist */ = {isa = PBXFileReference; lastKnownFileType = text.plist.xml; path = Info.plist; sourceTree = "<group>"; };
/* End PBXFileReference section */

/* Begin PBXFrameworksBuildPhase section */
		2CE491C62C8B2D1D000EF0DD /* Frameworks */ = {
			isa = PBXFrameworksBuildPhase;
			buildActionMask = 2147483647;
			files = (
				2CE491E22C8B458E000EF0DD /* WeatherMiniApp in Frameworks */,
			);
			runOnlyForDeploymentPostprocessing = 0;
		};
/* End PBXFrameworksBuildPhase section */

/* Begin PBXGroup section */
		2CE491C02C8B2D1D000EF0DD = {
			isa = PBXGroup;
			children = (
				2CE491CB2C8B2D1D000EF0DD /* PocketApps */,
				2CE491CA2C8B2D1D000EF0DD /* Products */,
			);
			sourceTree = "<group>";
		};
		2CE491CA2C8B2D1D000EF0DD /* Products */ = {
			isa = PBXGroup;
			children = (
				2CE491C92C8B2D1D000EF0DD /* PocketApps.app */,
			);
			name = Products;
			sourceTree = "<group>";
		};
		2CE491CB2C8B2D1D000EF0DD /* PocketApps */ = {
			isa = PBXGroup;
			children = (
				2CE491CC2C8B2D1D000EF0DD /* AppDelegate.swift */,
				2CE491CE2C8B2D1D000EF0DD /* SceneDelegate.swift */,
				2CE491D02C8B2D1D000EF0DD /* ViewController.swift */,
				2CE491D22C8B2D1D000EF0DD /* Main.storyboard */,
				2CE491D52C8B2D1F000EF0DD /* Assets.xcassets */,
				2CE491D72C8B2D1F000EF0DD /* LaunchScreen.storyboard */,
				2CE491DA2C8B2D1F000EF0DD /* Info.plist */,
			);
			path = PocketApps;
			sourceTree = "<group>";
		};
/* End PBXGroup section */

/* Begin PBXNativeTarget section */
		2CE491C82C8B2D1D000EF0DD /* PocketApps */ = {
			isa = PBXNativeTarget;
			buildConfigurationList = 2CE491DD2C8B2D1F000EF0DD /* Build configuration list for PBXNativeTarget "PocketApps" */;
			buildPhases = (
				2CE491C52C8B2D1D000EF0DD /* Sources */,
				2CE491C62C8B2D1D000EF0DD /* Frameworks */,
				2CE491C72C8B2D1D000EF0DD /* Resources */,
			);
			buildRules = (
			);
			dependencies = (
			);
			name = PocketApps;
			packageProductDependencies = (
				2CE491E12C8B458E000EF0DD /* WeatherMiniApp */,
			);
			productName = PocketApps;
			productReference = 2CE491C92C8B2D1D000EF0DD /* PocketApps.app */;
			productType = "com.apple.product-type.application";
		};
/* End PBXNativeTarget section */

/* Begin PBXProject section */
		2CE491C12C8B2D1D000EF0DD /* Project object */ = {
			isa = PBXProject;
			attributes = {
				BuildIndependentTargetsInParallel = 1;
				LastSwiftUpdateCheck = 1500;
				LastUpgradeCheck = 1500;
				TargetAttributes = {
					2CE491C82C8B2D1D000EF0DD = {
						CreatedOnToolsVersion = 15.0;
					};
				};
			};
			buildConfigurationList = 2CE491C42C8B2D1D000EF0DD /* Build configuration list for PBXProject "PocketApps" */;
			compatibilityVersion = "Xcode 14.0";
			developmentRegion = en;
			hasScannedForEncodings = 0;
			knownRegions = (
				en,
				Base,
			);
			mainGroup = 2CE491C02C8B2D1D000EF0DD;
			packageReferences = (
				2CE491E02C8B458E000EF0DD /* XCLocalSwiftPackageReference "../WeatherMiniApp" */,
			);
			productRefGroup = 2CE491CA2C8B2D1D000EF0DD /* Products */;
			projectDirPath = "";
			projectRoot = "";
			targets = (
				2CE491C82C8B2D1D000EF0DD /* PocketApps */,
			);
		};
/* End PBXProject section */

/* Begin PBXResourcesBuildPhase section */
		2CE491C72C8B2D1D000EF0DD /* Resources */ = {
			isa = PBXResourcesBuildPhase;
			buildActionMask = 2147483647;
			files = (
				2CE491D92C8B2D1F000EF0DD /* LaunchScreen.storyboard in Resources */,
				2CE491D62C8B2D1F000EF0DD /* Assets.xcassets in Resources */,
				2CE491D42C8B2D1D000EF0DD /* Main.storyboard in Resources */,
			);
			runOnlyForDeploymentPostprocessing = 0;
		};
/* End PBXResourcesBuildPhase section */

/* Begin PBXSourcesBuildPhase section */
		2CE491C52C8B2D1D000EF0DD /* Sources */ = {
			isa = PBXSourcesBuildPhase;
			buildActionMask = 2147483647;
			files = (
				2CE491D12C8B2D1D000EF0DD /* ViewController.swift in Sources */,
				2CE491CD2C8B2D1D000EF0DD /* AppDelegate.swift in Sources */,
				2CE491CF2C8B2D1D000EF0DD /* SceneDelegate.swift in Sources */,
			);
			runOnlyForDeploymentPostprocessing = 0;
		};
/* End PBXSourcesBuildPhase section */

/* Begin PBXVariantGroup section */
		2CE491D22C8B2D1D000EF0DD /* Main.storyboard */ = {
			isa = PBXVariantGroup;
			children = (
				2CE491D32C8B2D1D000EF0DD /* Base */,
			);
			name = Main.storyboard;
			sourceTree = "<group>";
		};
		2CE491D72C8B2D1F000EF0DD /* LaunchScreen.storyboard */ = {
			isa = PBXVariantGroup;
			children = (
				2CE491D82C8B2D1F000EF0DD /* Base */,
			);
			name = LaunchScreen.storyboard;
			sourceTree = "<group>";
		};
/* End PBXVariantGroup section */

/* Begin XCBuildConfiguration section */
		2CE491DB2C8B2D1F000EF0DD /* Debug */ = {
			isa = XCBuildConfiguration;
			buildSettings = {
				ALWAYS_SEARCH_USER_PATHS = NO;
				ASSETCATALOG_COMPILER_GENERATE_SWIFT_ASSET_SYMBOL_EXTENSIONS = YES;
				CLANG_ANALYZER_NONNULL = YES;
				CLANG_ANALYZER_NUMBER_OBJECT_CONVERSION = YES_AGGRESSIVE;
				CLANG_CXX_LANGUAGE_STANDARD = "gnu++20";
				CLANG_ENABLE_MODULES = YES;
				CLANG_ENABLE_OBJC_ARC = YES;
				CLANG_ENABLE_OBJC_WEAK = YES;
				CLANG_WARN_BLOCK_CAPTURE_AUTORELEASING = YES;
				CLANG_WARN_BOOL_CONVERSION = YES;
				CLANG_WARN_COMMA = YES;
				CLANG_WARN_CONSTANT_CONVERSION = YES;
				CLANG_WARN_DEPRECATED_OBJC_IMPLEMENTATIONS = YES;
				CLANG_WARN_DIRECT_OBJC_ISA_USAGE = YES_ERROR;
				CLANG_WARN_DOCUMENTATION_COMMENTS = YES;
				CLANG_WARN_EMPTY_BODY = YES;
				CLANG_WARN_ENUM_CONVERSION = YES;
				CLANG_WARN_INFINITE_RECURSION = YES;
				CLANG_WARN_INT_CONVERSION = YES;
				CLANG_WARN_NON_LITERAL_NULL_CONVERSION = YES;
				CLANG_WARN_OBJC_IMPLICIT_RETAIN_SELF = YES;
				CLANG_WARN_OBJC_LITERAL_CONVERSION = YES;
				CLANG_WARN_OBJC_ROOT_CLASS = YES_ERROR;
				CLANG_WARN_QUOTED_INCLUDE_IN_FRAMEWORK_HEADER = YES;
				CLANG_WARN_RANGE_LOOP_ANALYSIS = YES;
				CLANG_WARN_STRICT_PROTOTYPES = YES;
				CLANG_WARN_SUSPICIOUS_MOVE = YES;
				CLANG_WARN_UNGUARDED_AVAILABILITY = YES_AGGRESSIVE;
				CLANG_WARN_UNREACHABLE_CODE = YES;
				CLANG_WARN__DUPLICATE_METHOD_MATCH = YES;
				COPY_PHASE_STRIP = NO;
				DEBUG_INFORMATION_FORMAT = dwarf;
				ENABLE_STRICT_OBJC_MSGSEND = YES;
				ENABLE_TESTABILITY = YES;
				ENABLE_USER_SCRIPT_SANDBOXING = YES;
				GCC_C_LANGUAGE_STANDARD = gnu17;
				GCC_DYNAMIC_NO_PIC = NO;
				GCC_NO_COMMON_BLOCKS = YES;
				GCC_OPTIMIZATION_LEVEL = 0;
				GCC_PREPROCESSOR_DEFINITIONS = (
					"DEBUG=1",
					"$(inherited)",
				);
				GCC_WARN_64_TO_32_BIT_CONVERSION = YES;
				GCC_WARN_ABOUT_RETURN_TYPE = YES_ERROR;
				GCC_WARN_UNDECLARED_SELECTOR = YES;
				GCC_WARN_UNINITIALIZED_AUTOS = YES_AGGRESSIVE;
				GCC_WARN_UNUSED_FUNCTION = YES;
				GCC_WARN_UNUSED_VARIABLE = YES;
				IPHONEOS_DEPLOYMENT_TARGET = 17.0;
				LOCALIZATION_PREFERS_STRING_CATALOGS = YES;
				MTL_ENABLE_DEBUG_INFO = INCLUDE_SOURCE;
				MTL_FAST_MATH = YES;
				ONLY_ACTIVE_ARCH = YES;
				SDKROOT = iphoneos;
				SWIFT_ACTIVE_COMPILATION_CONDITIONS = "DEBUG $(inherited)";
				SWIFT_OPTIMIZATION_LEVEL = "-Onone";
			};
			name = Debug;
		};
		2CE491DC2C8B2D1F000EF0DD /* Release */ = {
			isa = XCBuildConfiguration;
			buildSettings = {
				ALWAYS_SEARCH_USER_PATHS = NO;
				ASSETCATALOG_COMPILER_GENERATE_SWIFT_ASSET_SYMBOL_EXTENSIONS = YES;
				CLANG_ANALYZER_NONNULL = YES;
				CLANG_ANALYZER_NUMBER_OBJECT_CONVERSION = YES_AGGRESSIVE;
				CLANG_CXX_LANGUAGE_STANDARD = "gnu++20";
				CLANG_ENABLE_MODULES = YES;
				CLANG_ENABLE_OBJC_ARC = YES;
				CLANG_ENABLE_OBJC_WEAK = YES;
				CLANG_WARN_BLOCK_CAPTURE_AUTORELEASING = YES;
				CLANG_WARN_BOOL_CONVERSION = YES;
				CLANG_WARN_COMMA = YES;
				CLANG_WARN_CONSTANT_CONVERSION = YES;
				CLANG_WARN_DEPRECATED_OBJC_IMPLEMENTATIONS = YES;
				CLANG_WARN_DIRECT_OBJC_ISA_USAGE = YES_ERROR;
				CLANG_WARN_DOCUMENTATION_COMMENTS = YES;
				CLANG_WARN_EMPTY_BODY = YES;
				CLANG_WARN_ENUM_CONVERSION = YES;
				CLANG_WARN_INFINITE_RECURSION = YES;
				CLANG_WARN_INT_CONVERSION = YES;
				CLANG_WARN_NON_LITERAL_NULL_CONVERSION = YES;
				CLANG_WARN_OBJC_IMPLICIT_RETAIN_SELF = YES;
				CLANG_WARN_OBJC_LITERAL_CONVERSION = YES;
				CLANG_WARN_OBJC_ROOT_CLASS = YES_ERROR;
				CLANG_WARN_QUOTED_INCLUDE_IN_FRAMEWORK_HEADER = YES;
				CLANG_WARN_RANGE_LOOP_ANALYSIS = YES;
				CLANG_WARN_STRICT_PROTOTYPES = YES;
				CLANG_WARN_SUSPICIOUS_MOVE = YES;
				CLANG_WARN_UNGUARDED_AVAILABILITY = YES_AGGRESSIVE;
				CLANG_WARN_UNREACHABLE_CODE = YES;
				CLANG_WARN__DUPLICATE_METHOD_MATCH = YES;
				COPY_PHASE_STRIP = NO;
				DEBUG_INFORMATION_FORMAT = "dwarf-with-dsym";
				ENABLE_NS_ASSERTIONS = NO;
				ENABLE_STRICT_OBJC_MSGSEND = YES;
				ENABLE_USER_SCRIPT_SANDBOXING = YES;
				GCC_C_LANGUAGE_STANDARD = gnu17;
				GCC_NO_COMMON_BLOCKS = YES;
				GCC_WARN_64_TO_32_BIT_CONVERSION = YES;
				GCC_WARN_ABOUT_RETURN_TYPE = YES_ERROR;
				GCC_WARN_UNDECLARED_SELECTOR = YES;
				GCC_WARN_UNINITIALIZED_AUTOS = YES_AGGRESSIVE;
				GCC_WARN_UNUSED_FUNCTION = YES;
				GCC_WARN_UNUSED_VARIABLE = YES;
				IPHONEOS_DEPLOYMENT_TARGET = 17.0;
				LOCALIZATION_PREFERS_STRING_CATALOGS = YES;
				MTL_ENABLE_DEBUG_INFO = NO;
				MTL_FAST_MATH = YES;
				SDKROOT = iphoneos;
				SWIFT_COMPILATION_MODE = wholemodule;
				VALIDATE_PRODUCT = YES;
			};
			name = Release;
		};
		2CE491DE2C8B2D1F000EF0DD /* Debug */ = {
			isa = XCBuildConfiguration;
			buildSettings = {
				ASSETCATALOG_COMPILER_APPICON_NAME = AppIcon;
				ASSETCATALOG_COMPILER_GLOBAL_ACCENT_COLOR_NAME = AccentColor;
				CODE_SIGN_STYLE = Automatic;
				CURRENT_PROJECT_VERSION = 1;
				DEVELOPMENT_TEAM = GRB7RT55N2;
				GENERATE_INFOPLIST_FILE = YES;
				INFOPLIST_FILE = PocketApps/Info.plist;
				INFOPLIST_KEY_UIApplicationSupportsIndirectInputEvents = YES;
				INFOPLIST_KEY_UILaunchStoryboardName = LaunchScreen;
				INFOPLIST_KEY_UIMainStoryboardFile = Main;
				INFOPLIST_KEY_UISupportedInterfaceOrientations = "UIInterfaceOrientationLandscapeLeft UIInterfaceOrientationLandscapeRight UIInterfaceOrientationPortrait UIInterfaceOrientationPortraitUpsideDown";
				INFOPLIST_KEY_UIUserInterfaceStyle = Light;
				IPHONEOS_DEPLOYMENT_TARGET = 15.0;
				LD_RUNPATH_SEARCH_PATHS = (
					"$(inherited)",
					"@executable_path/Frameworks",
				);
				MARKETING_VERSION = 1.0;
				PRODUCT_BUNDLE_IDENTIFIER = "ivan-elonov.PocketApps";
				PRODUCT_NAME = "$(TARGET_NAME)";
				SWIFT_EMIT_LOC_STRINGS = YES;
				SWIFT_VERSION = 5.0;
				TARGETED_DEVICE_FAMILY = "1,2";
			};
			name = Debug;
		};
		2CE491DF2C8B2D1F000EF0DD /* Release */ = {
			isa = XCBuildConfiguration;
			buildSettings = {
				ASSETCATALOG_COMPILER_APPICON_NAME = AppIcon;
				ASSETCATALOG_COMPILER_GLOBAL_ACCENT_COLOR_NAME = AccentColor;
				CODE_SIGN_STYLE = Automatic;
				CURRENT_PROJECT_VERSION = 1;
				DEVELOPMENT_TEAM = GRB7RT55N2;
				GENERATE_INFOPLIST_FILE = YES;
				INFOPLIST_FILE = PocketApps/Info.plist;
				INFOPLIST_KEY_UIApplicationSupportsIndirectInputEvents = YES;
				INFOPLIST_KEY_UILaunchStoryboardName = LaunchScreen;
				INFOPLIST_KEY_UIMainStoryboardFile = Main;
				INFOPLIST_KEY_UISupportedInterfaceOrientations = "UIInterfaceOrientationLandscapeLeft UIInterfaceOrientationLandscapeRight UIInterfaceOrientationPortrait UIInterfaceOrientationPortraitUpsideDown";
				INFOPLIST_KEY_UIUserInterfaceStyle = Light;
				IPHONEOS_DEPLOYMENT_TARGET = 15.0;
				LD_RUNPATH_SEARCH_PATHS = (
					"$(inherited)",
					"@executable_path/Frameworks",
				);
				MARKETING_VERSION = 1.0;
				PRODUCT_BUNDLE_IDENTIFIER = "ivan-elonov.PocketApps";
				PRODUCT_NAME = "$(TARGET_NAME)";
				SWIFT_EMIT_LOC_STRINGS = YES;
				SWIFT_VERSION = 5.0;
				TARGETED_DEVICE_FAMILY = "1,2";
			};
			name = Release;
		};
/* End XCBuildConfiguration section */

/* Begin XCConfigurationList section */
		2CE491C42C8B2D1D000EF0DD /* Build configuration list for PBXProject "PocketApps" */ = {
			isa = XCConfigurationList;
			buildConfigurations = (
				2CE491DB2C8B2D1F000EF0DD /* Debug */,
				2CE491DC2C8B2D1F000EF0DD /* Release */,
			);
			defaultConfigurationIsVisible = 0;
			defaultConfigurationName = Release;
		};
		2CE491DD2C8B2D1F000EF0DD /* Build configuration list for PBXNativeTarget "PocketApps" */ = {
			isa = XCConfigurationList;
			buildConfigurations = (
				2CE491DE2C8B2D1F000EF0DD /* Debug */,
				2CE491DF2C8B2D1F000EF0DD /* Release */,
			);
			defaultConfigurationIsVisible = 0;
			defaultConfigurationName = Release;
		};
/* End XCConfigurationList section */

/* Begin XCLocalSwiftPackageReference section */
		2CE491E02C8B458E000EF0DD /* XCLocalSwiftPackageReference "../WeatherMiniApp" */ = {
			isa = XCLocalSwiftPackageReference;
			relativePath = ../WeatherMiniApp;
		};
/* End XCLocalSwiftPackageReference section */

/* Begin XCSwiftPackageProductDependency section */
		2CE491E12C8B458E000EF0DD /* WeatherMiniApp */ = {
			isa = XCSwiftPackageProductDependency;
			productName = WeatherMiniApp;
		};
/* End XCSwiftPackageProductDependency section */
	};
	rootObject = 2CE491C12C8B2D1D000EF0DD /* Project object */;
}
